
Microsoft Visual Studio Solution File, Format Version 12.00
# Visual Studio Version 17
VisualStudioVersion = 17.3.32929.385
MinimumVisualStudioVersion = 10.0.40219.1
Project("{8BC9CEB8-8B4A-11D0-8D11-00A0C91BC942}") = "CaptureEngine", "CaptureEngineVideoCapture\cpp\CaptureEngine.vcxproj", "{6C7CAE9E-0988-4EDE-BA46-4C4A8445C1BD}"
EndProject
Project("{9A19103F-16F7-4668-BE54-9A1E7A4F7556}") = "WpfApp_NET6", "WpfApp_NET6\WpfApp_NET6.csproj", "{33E62D21-E8EA-40CD-A369-A8B1AC80E8F1}"
EndProject
Project("{FAE04EC0-301F-11D3-BF4B-00C04F79EFBC}") = "WpfApp1", "WpfApp1\WpfApp1.csproj", "{2B7EC82F-DA16-4B90-A813-0B39701361F4}"
EndProject
Project("{9A19103F-16F7-4668-BE54-9A1E7A4F7556}") = "QSoft.MediaCapture", "QSoft.MediaCapture\QSoft.MediaCapture.csproj", "{C0552673-C17E-409D-9031-60BE992D024F}"
EndProject
Project("{FAE04EC0-301F-11D3-BF4B-00C04F79EFBC}") = "WpfAppNET472", "WpfAppNET472\WpfAppNET472.csproj", "{51A0EDC7-191A-497A-9645-F234D142D5D2}"
EndProject
Project("{FAE04EC0-301F-11D3-BF4B-00C04F79EFBC}") = "WpfApp_NETFramwork", "WpfApp_NETFramwork\WpfApp_NETFramwork.csproj", "{7BC7C27A-797E-4178-B8C5-F7CF7D977BD6}"
EndProject
Project("{FAE04EC0-301F-11D3-BF4B-00C04F79EFBC}") = "MauiApp1", "MauiApp1\MauiApp1.csproj", "{E24663C1-B07E-4032-86E7-81D5B665FE38}"
EndProject
Global
	GlobalSection(SolutionConfigurationPlatforms) = preSolution
		Debug|Any CPU = Debug|Any CPU
		Debug|ARM64 = Debug|ARM64
		Debug|x64 = Debug|x64
		Debug|x86 = Debug|x86
		Release|Any CPU = Release|Any CPU
		Release|ARM64 = Release|ARM64
		Release|x64 = Release|x64
		Release|x86 = Release|x86
	EndGlobalSection
	GlobalSection(ProjectConfigurationPlatforms) = postSolution
		{6C7CAE9E-0988-4EDE-BA46-4C4A8445C1BD}.Debug|Any CPU.ActiveCfg = Debug|Win32
		{6C7CAE9E-0988-4EDE-BA46-4C4A8445C1BD}.Debug|Any CPU.Build.0 = Debug|Win32
		{6C7CAE9E-0988-4EDE-BA46-4C4A8445C1BD}.Debug|ARM64.ActiveCfg = Debug|Win32
		{6C7CAE9E-0988-4EDE-BA46-4C4A8445C1BD}.Debug|ARM64.Build.0 = Debug|Win32
		{6C7CAE9E-0988-4EDE-BA46-4C4A8445C1BD}.Debug|x64.ActiveCfg = Debug|Win32
		{6C7CAE9E-0988-4EDE-BA46-4C4A8445C1BD}.Debug|x64.Build.0 = Debug|Win32
		{6C7CAE9E-0988-4EDE-BA46-4C4A8445C1BD}.Debug|x86.ActiveCfg = Debug|Win32
		{6C7CAE9E-0988-4EDE-BA46-4C4A8445C1BD}.Debug|x86.Build.0 = Debug|Win32
		{6C7CAE9E-0988-4EDE-BA46-4C4A8445C1BD}.Release|Any CPU.ActiveCfg = Release|Win32
		{6C7CAE9E-0988-4EDE-BA46-4C4A8445C1BD}.Release|Any CPU.Build.0 = Release|Win32
		{6C7CAE9E-0988-4EDE-BA46-4C4A8445C1BD}.Release|ARM64.ActiveCfg = Release|Win32
		{6C7CAE9E-0988-4EDE-BA46-4C4A8445C1BD}.Release|ARM64.Build.0 = Release|Win32
		{6C7CAE9E-0988-4EDE-BA46-4C4A8445C1BD}.Release|x64.ActiveCfg = Release|Win32
		{6C7CAE9E-0988-4EDE-BA46-4C4A8445C1BD}.Release|x64.Build.0 = Release|Win32
		{6C7CAE9E-0988-4EDE-BA46-4C4A8445C1BD}.Release|x86.ActiveCfg = Release|Win32
		{6C7CAE9E-0988-4EDE-BA46-4C4A8445C1BD}.Release|x86.Build.0 = Release|Win32
		{33E62D21-E8EA-40CD-A369-A8B1AC80E8F1}.Debug|Any CPU.ActiveCfg = Debug|Any CPU
		{33E62D21-E8EA-40CD-A369-A8B1AC80E8F1}.Debug|Any CPU.Build.0 = Debug|Any CPU
		{33E62D21-E8EA-40CD-A369-A8B1AC80E8F1}.Debug|ARM64.ActiveCfg = Debug|Any CPU
		{33E62D21-E8EA-40CD-A369-A8B1AC80E8F1}.Debug|ARM64.Build.0 = Debug|Any CPU
		{33E62D21-E8EA-40CD-A369-A8B1AC80E8F1}.Debug|x64.ActiveCfg = Debug|Any CPU
		{33E62D21-E8EA-40CD-A369-A8B1AC80E8F1}.Debug|x64.Build.0 = Debug|Any CPU
		{33E62D21-E8EA-40CD-A369-A8B1AC80E8F1}.Debug|x86.ActiveCfg = Debug|Any CPU
		{33E62D21-E8EA-40CD-A369-A8B1AC80E8F1}.Debug|x86.Build.0 = Debug|Any CPU
		{33E62D21-E8EA-40CD-A369-A8B1AC80E8F1}.Release|Any CPU.ActiveCfg = Release|Any CPU
		{33E62D21-E8EA-40CD-A369-A8B1AC80E8F1}.Release|Any CPU.Build.0 = Release|Any CPU
		{33E62D21-E8EA-40CD-A369-A8B1AC80E8F1}.Release|ARM64.ActiveCfg = Release|Any CPU
		{33E62D21-E8EA-40CD-A369-A8B1AC80E8F1}.Release|ARM64.Build.0 = Release|Any CPU
		{33E62D21-E8EA-40CD-A369-A8B1AC80E8F1}.Release|x64.ActiveCfg = Release|Any CPU
		{33E62D21-E8EA-40CD-A369-A8B1AC80E8F1}.Release|x64.Build.0 = Release|Any CPU
		{33E62D21-E8EA-40CD-A369-A8B1AC80E8F1}.Release|x86.ActiveCfg = Release|Any CPU
		{33E62D21-E8EA-40CD-A369-A8B1AC80E8F1}.Release|x86.Build.0 = Release|Any CPU
		{2B7EC82F-DA16-4B90-A813-0B39701361F4}.Debug|Any CPU.ActiveCfg = Debug|Any CPU
		{2B7EC82F-DA16-4B90-A813-0B39701361F4}.Debug|Any CPU.Build.0 = Debug|Any CPU
		{2B7EC82F-DA16-4B90-A813-0B39701361F4}.Debug|ARM64.ActiveCfg = Debug|Any CPU
		{2B7EC82F-DA16-4B90-A813-0B39701361F4}.Debug|ARM64.Build.0 = Debug|Any CPU
		{2B7EC82F-DA16-4B90-A813-0B39701361F4}.Debug|x64.ActiveCfg = Debug|Any CPU
		{2B7EC82F-DA16-4B90-A813-0B39701361F4}.Debug|x64.Build.0 = Debug|Any CPU
		{2B7EC82F-DA16-4B90-A813-0B39701361F4}.Debug|x86.ActiveCfg = Debug|Any CPU
		{2B7EC82F-DA16-4B90-A813-0B39701361F4}.Debug|x86.Build.0 = Debug|Any CPU
		{2B7EC82F-DA16-4B90-A813-0B39701361F4}.Release|Any CPU.ActiveCfg = Release|Any CPU
		{2B7EC82F-DA16-4B90-A813-0B39701361F4}.Release|Any CPU.Build.0 = Release|Any CPU
		{2B7EC82F-DA16-4B90-A813-0B39701361F4}.Release|ARM64.ActiveCfg = Release|Any CPU
		{2B7EC82F-DA16-4B90-A813-0B39701361F4}.Release|ARM64.Build.0 = Release|Any CPU
		{2B7EC82F-DA16-4B90-A813-0B39701361F4}.Release|x64.ActiveCfg = Release|Any CPU
		{2B7EC82F-DA16-4B90-A813-0B39701361F4}.Release|x64.Build.0 = Release|Any CPU
		{2B7EC82F-DA16-4B90-A813-0B39701361F4}.Release|x86.ActiveCfg = Release|Any CPU
		{2B7EC82F-DA16-4B90-A813-0B39701361F4}.Release|x86.Build.0 = Release|Any CPU
		{C0552673-C17E-409D-9031-60BE992D024F}.Debug|Any CPU.ActiveCfg = Debug|Any CPU
		{C0552673-C17E-409D-9031-60BE992D024F}.Debug|Any CPU.Build.0 = Debug|Any CPU
		{C0552673-C17E-409D-9031-60BE992D024F}.Debug|ARM64.ActiveCfg = Debug|Any CPU
		{C0552673-C17E-409D-9031-60BE992D024F}.Debug|ARM64.Build.0 = Debug|Any CPU
		{C0552673-C17E-409D-9031-60BE992D024F}.Debug|x64.ActiveCfg = Debug|Any CPU
		{C0552673-C17E-409D-9031-60BE992D024F}.Debug|x64.Build.0 = Debug|Any CPU
		{C0552673-C17E-409D-9031-60BE992D024F}.Debug|x86.ActiveCfg = Debug|Any CPU
		{C0552673-C17E-409D-9031-60BE992D024F}.Debug|x86.Build.0 = Debug|Any CPU
		{C0552673-C17E-409D-9031-60BE992D024F}.Release|Any CPU.ActiveCfg = Release|Any CPU
		{C0552673-C17E-409D-9031-60BE992D024F}.Release|Any CPU.Build.0 = Release|Any CPU
		{C0552673-C17E-409D-9031-60BE992D024F}.Release|ARM64.ActiveCfg = Release|Any CPU
		{C0552673-C17E-409D-9031-60BE992D024F}.Release|ARM64.Build.0 = Release|Any CPU
		{C0552673-C17E-409D-9031-60BE992D024F}.Release|x64.ActiveCfg = Release|Any CPU
		{C0552673-C17E-409D-9031-60BE992D024F}.Release|x64.Build.0 = Release|Any CPU
		{C0552673-C17E-409D-9031-60BE992D024F}.Release|x86.ActiveCfg = Release|Any CPU
		{C0552673-C17E-409D-9031-60BE992D024F}.Release|x86.Build.0 = Release|Any CPU
		{51A0EDC7-191A-497A-9645-F234D142D5D2}.Debug|Any CPU.ActiveCfg = Debug|Any CPU
		{51A0EDC7-191A-497A-9645-F234D142D5D2}.Debug|Any CPU.Build.0 = Debug|Any CPU
		{51A0EDC7-191A-497A-9645-F234D142D5D2}.Debug|ARM64.ActiveCfg = Debug|Any CPU
		{51A0EDC7-191A-497A-9645-F234D142D5D2}.Debug|ARM64.Build.0 = Debug|Any CPU
		{51A0EDC7-191A-497A-9645-F234D142D5D2}.Debug|x64.ActiveCfg = Debug|Any CPU
		{51A0EDC7-191A-497A-9645-F234D142D5D2}.Debug|x64.Build.0 = Debug|Any CPU
		{51A0EDC7-191A-497A-9645-F234D142D5D2}.Debug|x86.ActiveCfg = Debug|Any CPU
		{51A0EDC7-191A-497A-9645-F234D142D5D2}.Debug|x86.Build.0 = Debug|Any CPU
		{51A0EDC7-191A-497A-9645-F234D142D5D2}.Release|Any CPU.ActiveCfg = Release|Any CPU
		{51A0EDC7-191A-497A-9645-F234D142D5D2}.Release|Any CPU.Build.0 = Release|Any CPU
		{51A0EDC7-191A-497A-9645-F234D142D5D2}.Release|ARM64.ActiveCfg = Release|Any CPU
		{51A0EDC7-191A-497A-9645-F234D142D5D2}.Release|ARM64.Build.0 = Release|Any CPU
		{51A0EDC7-191A-497A-9645-F234D142D5D2}.Release|x64.ActiveCfg = Release|Any CPU
		{51A0EDC7-191A-497A-9645-F234D142D5D2}.Release|x64.Build.0 = Release|Any CPU
		{51A0EDC7-191A-497A-9645-F234D142D5D2}.Release|x86.ActiveCfg = Release|Any CPU
		{51A0EDC7-191A-497A-9645-F234D142D5D2}.Release|x86.Build.0 = Release|Any CPU
		{7BC7C27A-797E-4178-B8C5-F7CF7D977BD6}.Debug|Any CPU.ActiveCfg = Debug|Any CPU
		{7BC7C27A-797E-4178-B8C5-F7CF7D977BD6}.Debug|Any CPU.Build.0 = Debug|Any CPU
		{7BC7C27A-797E-4178-B8C5-F7CF7D977BD6}.Debug|ARM64.ActiveCfg = Debug|Any CPU
		{7BC7C27A-797E-4178-B8C5-F7CF7D977BD6}.Debug|ARM64.Build.0 = Debug|Any CPU
		{7BC7C27A-797E-4178-B8C5-F7CF7D977BD6}.Debug|x64.ActiveCfg = Debug|Any CPU
		{7BC7C27A-797E-4178-B8C5-F7CF7D977BD6}.Debug|x64.Build.0 = Debug|Any CPU
		{7BC7C27A-797E-4178-B8C5-F7CF7D977BD6}.Debug|x86.ActiveCfg = Debug|Any CPU
		{7BC7C27A-797E-4178-B8C5-F7CF7D977BD6}.Debug|x86.Build.0 = Debug|Any CPU
		{7BC7C27A-797E-4178-B8C5-F7CF7D977BD6}.Release|Any CPU.ActiveCfg = Release|Any CPU
		{7BC7C27A-797E-4178-B8C5-F7CF7D977BD6}.Release|Any CPU.Build.0 = Release|Any CPU
		{7BC7C27A-797E-4178-B8C5-F7CF7D977BD6}.Release|ARM64.ActiveCfg = Release|Any CPU
		{7BC7C27A-797E-4178-B8C5-F7CF7D977BD6}.Release|ARM64.Build.0 = Release|Any CPU
		{7BC7C27A-797E-4178-B8C5-F7CF7D977BD6}.Release|x64.ActiveCfg = Release|Any CPU
		{7BC7C27A-797E-4178-B8C5-F7CF7D977BD6}.Release|x64.Build.0 = Release|Any CPU
		{7BC7C27A-797E-4178-B8C5-F7CF7D977BD6}.Release|x86.ActiveCfg = Release|Any CPU
		{7BC7C27A-797E-4178-B8C5-F7CF7D977BD6}.Release|x86.Build.0 = Release|Any CPU
		{E24663C1-B07E-4032-86E7-81D5B665FE38}.Debug|Any CPU.ActiveCfg = Debug|Any CPU
		{E24663C1-B07E-4032-86E7-81D5B665FE38}.Debug|Any CPU.Build.0 = Debug|Any CPU
		{E24663C1-B07E-4032-86E7-81D5B665FE38}.Debug|Any CPU.Deploy.0 = Debug|Any CPU
		{E24663C1-B07E-4032-86E7-81D5B665FE38}.Debug|ARM64.ActiveCfg = Debug|Any CPU
		{E24663C1-B07E-4032-86E7-81D5B665FE38}.Debug|ARM64.Build.0 = Debug|Any CPU
		{E24663C1-B07E-4032-86E7-81D5B665FE38}.Debug|ARM64.Deploy.0 = Debug|Any CPU
		{E24663C1-B07E-4032-86E7-81D5B665FE38}.Debug|x64.ActiveCfg = Debug|Any CPU
		{E24663C1-B07E-4032-86E7-81D5B665FE38}.Debug|x64.Build.0 = Debug|Any CPU
		{E24663C1-B07E-4032-86E7-81D5B665FE38}.Debug|x64.Deploy.0 = Debug|Any CPU
		{E24663C1-B07E-4032-86E7-81D5B665FE38}.Debug|x86.ActiveCfg = Debug|Any CPU
		{E24663C1-B07E-4032-86E7-81D5B665FE38}.Debug|x86.Build.0 = Debug|Any CPU
		{E24663C1-B07E-4032-86E7-81D5B665FE38}.Debug|x86.Deploy.0 = Debug|Any CPU
		{E24663C1-B07E-4032-86E7-81D5B665FE38}.Release|Any CPU.ActiveCfg = Release|Any CPU
		{E24663C1-B07E-4032-86E7-81D5B665FE38}.Release|Any CPU.Build.0 = Release|Any CPU
		{E24663C1-B07E-4032-86E7-81D5B665FE38}.Release|Any CPU.Deploy.0 = Release|Any CPU
		{E24663C1-B07E-4032-86E7-81D5B665FE38}.Release|ARM64.ActiveCfg = Release|Any CPU
		{E24663C1-B07E-4032-86E7-81D5B665FE38}.Release|ARM64.Build.0 = Release|Any CPU
		{E24663C1-B07E-4032-86E7-81D5B665FE38}.Release|ARM64.Deploy.0 = Release|Any CPU
		{E24663C1-B07E-4032-86E7-81D5B665FE38}.Release|x64.ActiveCfg = Release|Any CPU
		{E24663C1-B07E-4032-86E7-81D5B665FE38}.Release|x64.Build.0 = Release|Any CPU
		{E24663C1-B07E-4032-86E7-81D5B665FE38}.Release|x64.Deploy.0 = Release|Any CPU
		{E24663C1-B07E-4032-86E7-81D5B665FE38}.Release|x86.ActiveCfg = Release|Any CPU
		{E24663C1-B07E-4032-86E7-81D5B665FE38}.Release|x86.Build.0 = Release|Any CPU
		{E24663C1-B07E-4032-86E7-81D5B665FE38}.Release|x86.Deploy.0 = Release|Any CPU
	EndGlobalSection
	GlobalSection(SolutionProperties) = preSolution
		HideSolutionNode = FALSE
	EndGlobalSection
	GlobalSection(ExtensibilityGlobals) = postSolution
		SolutionGuid = {02A59296-E4CE-484F-B7A4-DC6CFEACFBA1}
	EndGlobalSection
EndGlobal
